version = 1
revision = 3
requires-python = "==3.13.*"

[[package]]
name = "eclipse-zenoh"
version = "1.10.1"
source = { registry = "https://pypi.org/simple" }
sdist = { url = "https://files.pythonhosted.org/packages/4d/1f/54e50d0fdd2d41499b18fd2066add8a53460cddb85b5c2585afd0d3159ed/eclipse_zenoh-1.10.1.tar.gz", hash = "sha256:e601b9883746b742eb7210ec73348c9980a2e65cbd54b4a8017662de9aeb15cb", size = 170364, upload-time = "2026-09-07T15:25:53.179Z" }
wheels = [
    { url = "https://files.pythonhosted.org/packages/cf/24/d0802eec65a925bfef6f96924faa8c0285c8c584660881af938d92a92c7b/eclipse_zenoh-1.10.1-cp39-abi3-linux_armv6l.whl", hash = "sha256:f2351b810dbda09f6dbe668ca965560bf8cee98075b28b8b71e88428f613ed35", size = 10952070, upload-time = "2026-09-07T15:25:35.566Z" },
    { url = "https://files.pythonhosted.org/packages/54/6d/2ffd5e7a18c5b90c6d8468fd48c3416a4615b3d346dd2bbfe88849adad14/eclipse_zenoh-1.10.1-cp39-abi3-macosx_10_12_x86_64.macosx_11_0_arm64.macosx_10_12_universal2.whl", hash = "sha256:9e99d5801e0e12a10dbc5d976d227ec7a1ff73d86c20ff4315102b8237ac3ee8", size = 19315408, upload-time = "2026-09-07T15:25:37.87Z" },
    { url = "https://files.pythonhosted.org/packages/b4/e8/02f615c757ddc983152ce9fabe1f94f073678593b57a93654e10aeb827e5/eclipse_zenoh-1.10.1-cp39-abi3-macosx_10_12_x86_64.whl", hash = "sha256:ad269f1cb3e4a66a0130ea63a0b2bca214cbbe75181baa4fe12f27ddb5c42221", size = 9876094, upload-time = "2026-09-07T15:25:40.379Z" },
    { url = "https://files.pythonhosted.org/packages/ff/29/e856a2115f3a43cab68ec24d09f0d253466d7bc4083841bfd9bc1f6a1adb/eclipse_zenoh-1.10.1-cp39-abi3-manylinux_2_17_armv7l.manylinux2014_armv7l.whl", hash = "sha256:476bfca6f15f1c68e71037efbbf61b880719ea1a8eaadc6f9df978e144cf44d2", size = 10796254, upload-time = "2026-09-07T15:25:42.969Z" },
    { url = "https://files.pythonhosted.org/packages/b8/32/b524fcf38ebc80f9c39e5104473a55a3354bbc3ac151d1cb79514cb0b8ad/eclipse_zenoh-1.10.1-cp39-abi3-manylinux_2_17_i686.manylinux2014_i686.whl", hash = "sha256:eb73bce18afe43fdd799d2cf3f066c7ce353d2552ae2776badffe6144352e79f", size = 11747371, upload-time = "2026-09-07T15:25:44.906Z" },
    { url = "https://files.pythonhosted.org/packages/b0/a2/5a54606f5202581256a8bb405e51b6d69254aa84a44e716aedae21fb2964/eclipse_zenoh-1.10.1-cp39-abi3-manylinux_2_17_x86_64.manylinux2014_x86_64.whl", hash = "sha256:faa4071aea57650594e8f4ea39147f791fbd6105cbd7afe15e96dc3589bd83db", size = 10331829, upload-time = "2026-09-07T15:25:46.947Z" },
    { url = "https://files.pythonhosted.org/packages/d0/21/976cd9e4091362bc25ed5031f229d72032363c611bd5260950284583861e/eclipse_zenoh-1.10.1-cp39-abi3-manylinux_2_28_aarch64.whl", hash = "sha256:1950fdc8de72e5a3847d845d57e72dedf35275725e42be46a26454cfabb54c8c", size = 10905687, upload-time = "2026-09-07T15:25:48.924Z" },
    { url = "https://files.pythonhosted.org/packages/9a/24/10f71ebd91d1cfbfd68449a1c52b6e38303f4302f8dc5d612d0b0ff385a8/eclipse_zenoh-1.10.1-cp39-abi3-win_amd64.whl", hash = "sha256:44e368a6a509cf385d3657f48ed99f1d677ce9877e8893e15b9cf1b504dc9150", size = 9130747, upload-time = "2026-09-07T15:25:51.229Z" },
]

[[package]]
name = "vision-hyper-agent-app"
version = "0.1.0"
source = { virtual = "." }
dependencies = [
    { name = "eclipse-zenoh" },
]

[package.metadata]
requires-dist = [{ name = "eclipse-zenoh", specifier = "==1.10.1" }]
